{
    "_readme": [
        "This file locks the dependencies of your project to a known state",
        "Read more about it at https://getcomposer.org/doc/01-basic-usage.md#installing-dependencies",
        "This file is @generated automatically"
    ],
    "content-hash": "9903e197b9e37df29336170f240241cf",
    "packages": [
        {
            "name": "mj/pocket-core",
            "version": "dev-main",
            "dist": {
                "type": "path",
                "url": "pocket",
                "reference": "aa0b94643f2f675825ff91eeb228859dea14e1b9"
            },
            "type": "library",
            "autoload": {
                "psr-4": {
                    "Mj\\PocketCore\\": "src/"
                }
            },
            "authors": [
                {
                    "name": "MohammadJavad-AsnaAshari",
                    "email": "mohammadjavadasnaashari@gmail.com"
                }
            ],
            "transport-options": {
                "relative": true
            }
        }
    ],
    "packages-dev": [],
    "aliases": [],
    "minimum-stability": "stable",
    "stability-flags": {
        "mj/pocket-core": 20
    },
    "prefer-stable": false,
    "prefer-lowest": false,
    "platform": [],
    "platform-dev": [],
    "plugin-api-version": "2.6.0"
}
